// !$*UTF8*$!
{
	archiveVersion = 1;
	classes = {
	};
	objectVersion = 46;
	objects = {

/* Begin PBXBuildFile section */
		31091529191B155D00F0C970 /* SwitchOfMapper.m in Sources */ = {isa = PBXBuildFile; fileRef = 31091528191B155D00F0C970 /* SwitchOfMapper.m */; };
		3109152C191B1A8B00F0C970 /* CustomSwitch.m in Sources */ = {isa = PBXBuildFile; fileRef = 3109152B191B1A8B00F0C970 /* CustomSwitch.m */; };
		3109152F191B230B00F0C970 /* TextFieldOfMapper.m in Sources */ = {isa = PBXBuildFile; fileRef = 3109152E191B230B00F0C970 /* TextFieldOfMapper.m */; };
		31091532191B26D800F0C970 /* CustomTextField.m in Sources */ = {isa = PBXBuildFile; fileRef = 31091531191B26D800F0C970 /* CustomTextField.m */; };
		31091535191B275D00F0C970 /* UIImage+Additions.m in Sources */ = {isa = PBXBuildFile; fileRef = 31091534191B275D00F0C970 /* UIImage+Additions.m */; };
		31175483191A1DE200C3FA69 /* SliderOfMapper.m in Sources */ = {isa = PBXBuildFile; fileRef = 31175482191A1DE200C3FA69 /* SliderOfMapper.m */; };
		31175486191A271600C3FA69 /* CustomSlider.m in Sources */ = {isa = PBXBuildFile; fileRef = 31175485191A271600C3FA69 /* CustomSlider.m */; };
		31197E5B191092110002514B /* 1.png in Resources */ = {isa = PBXBuildFile; fileRef = 31197E52191092110002514B /* 1.png */; };
		31197E5C191092110002514B /* 2.png in Resources */ = {isa = PBXBuildFile; fileRef = 31197E53191092110002514B /* 2.png */; };
		31197E5D191092110002514B /* 3.png in Resources */ = {isa = PBXBuildFile; fileRef = 31197E54191092110002514B /* 3.png */; };
		31197E5E191092110002514B /* 4.png in Resources */ = {isa = PBXBuildFile; fileRef = 31197E55191092110002514B /* 4.png */; };
		31197E5F191092110002514B /* 5.png in Resources */ = {isa = PBXBuildFile; fileRef = 31197E56191092110002514B /* 5.png */; };
		31197E60191092110002514B /* 6.png in Resources */ = {isa = PBXBuildFile; fileRef = 31197E57191092110002514B /* 6.png */; };
		31197E61191092110002514B /* 7.png in Resources */ = {isa = PBXBuildFile; fileRef = 31197E58191092110002514B /* 7.png */; };
		31197E62191092110002514B /* 8.png in Resources */ = {isa = PBXBuildFile; fileRef = 31197E59191092110002514B /* 8.png */; };
		31197E63191092110002514B /* 9.png in Resources */ = {isa = PBXBuildFile; fileRef = 31197E5A191092110002514B /* 9.png */; };
		31197E69191096E70002514B /* ButtonOfMapper.m in Sources */ = {isa = PBXBuildFile; fileRef = 31197E68191096E70002514B /* ButtonOfMapper.m */; };
		311D32B1191739AB00D9195D /* Reveal.framework in Frameworks */ = {isa = PBXBuildFile; fileRef = 311D32B0191739AB00D9195D /* Reveal.framework */; };
		311F87741919C8E9006F135B /* PageControlOfMapper.m in Sources */ = {isa = PBXBuildFile; fileRef = 311F87731919C8E9006F135B /* PageControlOfMapper.m */; };
		311F87771919CA51006F135B /* CpageControl.m in Sources */ = {isa = PBXBuildFile; fileRef = 311F87761919CA51006F135B /* CpageControl.m */; };
		3121655019160E2D00B3992D /* CustomView.m in Sources */ = {isa = PBXBuildFile; fileRef = 3121654F19160E2D00B3992D /* CustomView.m */; };
		3121655319160EAC00B3992D /* CustomViewOfMapper.m in Sources */ = {isa = PBXBuildFile; fileRef = 3121655219160EAC00B3992D /* CustomViewOfMapper.m */; };
		312165561916260800B3992D /* CustomLabel.m in Sources */ = {isa = PBXBuildFile; fileRef = 312165551916260800B3992D /* CustomLabel.m */; };
		312165591916265500B3992D /* LabelOfMapper.m in Sources */ = {isa = PBXBuildFile; fileRef = 312165581916265500B3992D /* LabelOfMapper.m */; };
		3121655B19162B6600B3992D /* baseViewController.json in Resources */ = {isa = PBXBuildFile; fileRef = 3121655A19162B6600B3992D /* baseViewController.json */; };
		312394141915E4700016B06C /* WidgetSettingForLayout.m in Sources */ = {isa = PBXBuildFile; fileRef = 312394131915E4700016B06C /* WidgetSettingForLayout.m */; };
		312972D519299BE00000788F /* LiveController.json in Resources */ = {isa = PBXBuildFile; fileRef = 312972D219299BE00000788F /* LiveController.json */; };
		312972D619299BE00000788F /* MainController.json in Resources */ = {isa = PBXBuildFile; fileRef = 312972D319299BE00000788F /* MainController.json */; };
		312972D719299BE00000788F /* RegisterController.json in Resources */ = {isa = PBXBuildFile; fileRef = 312972D419299BE00000788F /* RegisterController.json */; };
		312972DA1929A1DE0000788F /* MainViewController.m in Sources */ = {isa = PBXBuildFile; fileRef = 312972D91929A1DE0000788F /* MainViewController.m */; };
		312972F01929ABE80000788F /* x_alt_32x32.png in Resources */ = {isa = PBXBuildFile; fileRef = 312972DC1929ABE70000788F /* x_alt_32x32.png */; };
		312972F11929ABE80000788F /* Default-568h@2x.png in Resources */ = {isa = PBXBuildFile; fileRef = 312972DD1929ABE70000788F /* Default-568h@2x.png */; };
		312972F21929ABE80000788F /* Default.png in Resources */ = {isa = PBXBuildFile; fileRef = 312972DE1929ABE80000788F /* Default.png */; };
		312972F31929ABE80000788F /* Default@2x.png in Resources */ = {isa = PBXBuildFile; fileRef = 312972DF1929ABE80000788F /* Default@2x.png */; };
		312972F41929ABE80000788F /* heart_stroke_24x21.png in Resources */ = {isa = PBXBuildFile; fileRef = 312972E01929ABE80000788F /* heart_stroke_24x21.png */; };
		312972F51929ABE80000788F /* home_24x24.png in Resources */ = {isa = PBXBuildFile; fileRef = 312972E11929ABE80000788F /* home_24x24.png */; };
		312972F61929ABE80000788F /* magnifying_glass_24x24.png in Resources */ = {isa = PBXBuildFile; fileRef = 312972E21929ABE80000788F /* magnifying_glass_24x24.png */; };
		312972F71929ABE80000788F /* mail_24x18.png in Resources */ = {isa = PBXBuildFile; fileRef = 312972E31929ABE80000788F /* mail_24x18.png */; };
		312972F81929ABE80000788F /* user_18x24.png in Resources */ = {isa = PBXBuildFile; fileRef = 312972E41929ABE80000788F /* user_18x24.png */; };
		312972F91929ABE80000788F /* user_12x16.png in Resources */ = {isa = PBXBuildFile; fileRef = 312972E51929ABE80000788F /* user_12x16.png */; };
		312972FA1929ABE80000788F /* mail_16x12.png in Resources */ = {isa = PBXBuildFile; fileRef = 312972E61929ABE80000788F /* mail_16x12.png */; };
		312972FB1929ABE80000788F /* magnifying_glass_16x16.png in Resources */ = {isa = PBXBuildFile; fileRef = 312972E71929ABE80000788F /* magnifying_glass_16x16.png */; };
		312972FC1929ABE80000788F /* home_16x16.png in Resources */ = {isa = PBXBuildFile; fileRef = 312972E81929ABE80000788F /* home_16x16.png */; };
		312972FD1929ABE80000788F /* heart_stroke_16x14.png in Resources */ = {isa = PBXBuildFile; fileRef = 312972E91929ABE80000788F /* heart_stroke_16x14.png */; };
		312972FE1929ABE80000788F /* heart_fill_16x14.png in Resources */ = {isa = PBXBuildFile; fileRef = 312972EA1929ABE80000788F /* heart_fill_16x14.png */; };
		312972FF1929ABE80000788F /* user_24x32.png in Resources */ = {isa = PBXBuildFile; fileRef = 312972EB1929ABE80000788F /* user_24x32.png */; };
		312973001929ABE80000788F /* mail_32x24.png in Resources */ = {isa = PBXBuildFile; fileRef = 312972EC1929ABE80000788F /* mail_32x24.png */; };
		312973011929ABE80000788F /* magnifying_glass_alt_32x32.png in Resources */ = {isa = PBXBuildFile; fileRef = 312972ED1929ABE80000788F /* magnifying_glass_alt_32x32.png */; };
		312973021929ABE80000788F /* heart_fill_32x38.png in Resources */ = {isa = PBXBuildFile; fileRef = 312972EE1929ABE80000788F /* heart_fill_32x38.png */; };
		312973031929ABE80000788F /* home_32x32.png in Resources */ = {isa = PBXBuildFile; fileRef = 312972EF1929ABE80000788F /* home_32x32.png */; };
		312973061929AC3A0000788F /* TabBarViewController.m in Sources */ = {isa = PBXBuildFile; fileRef = 312973051929AC3A0000788F /* TabBarViewController.m */; };
		312973091929AC820000788F /* LiveViewController.m in Sources */ = {isa = PBXBuildFile; fileRef = 312973081929AC820000788F /* LiveViewController.m */; };
		3129730C1929AC970000788F /* ShoppingCarViewController.m in Sources */ = {isa = PBXBuildFile; fileRef = 3129730B1929AC970000788F /* ShoppingCarViewController.m */; };
		3129730F1929ACA70000788F /* MyGoodsViewController.m in Sources */ = {isa = PBXBuildFile; fileRef = 3129730E1929ACA70000788F /* MyGoodsViewController.m */; };
		312A8ED6190F7F240048E030 /* firstViewController.json in Resources */ = {isa = PBXBuildFile; fileRef = 312A8ED5190F7F240048E030 /* firstViewController.json */; };
		312A8EE4190F80160048E030 /* image.bundle in Resources */ = {isa = PBXBuildFile; fileRef = 312A8EDB190F80160048E030 /* image.bundle */; };
		312A8EE5190F80160048E030 /* RefreshFooterView.m in Sources */ = {isa = PBXBuildFile; fileRef = 312A8EDD190F80160048E030 /* RefreshFooterView.m */; };
		312A8EE6190F80160048E030 /* RefreshHeaderView.m in Sources */ = {isa = PBXBuildFile; fileRef = 312A8EDF190F80160048E030 /* RefreshHeaderView.m */; };
		312A8EE7190F80160048E030 /* WZRefreshBaseView.m in Sources */ = {isa = PBXBuildFile; fileRef = 312A8EE1190F80160048E030 /* WZRefreshBaseView.m */; };
		312A8EE8190F80160048E030 /* WZRefrshConst.m in Sources */ = {isa = PBXBuildFile; fileRef = 312A8EE3190F80160048E030 /* WZRefrshConst.m */; };
		312A8EEE190F81080048E030 /* CountString.m in Sources */ = {isa = PBXBuildFile; fileRef = 312A8EEB190F81080048E030 /* CountString.m */; };
		312A8EEF190F81080048E030 /* wDynamicLayout.m in Sources */ = {isa = PBXBuildFile; fileRef = 312A8EED190F81080048E030 /* wDynamicLayout.m */; };
		312A8EF3190F826B0048E030 /* customButton.m in Sources */ = {isa = PBXBuildFile; fileRef = 312A8EF2190F826B0048E030 /* customButton.m */; };
		312FAA0D1918C0CE00742DE5 /* ImageViewOfMapper.m in Sources */ = {isa = PBXBuildFile; fileRef = 312FAA0C1918C0CE00742DE5 /* ImageViewOfMapper.m */; };
		312FAA101918CC9500742DE5 /* CImageVIew.m in Sources */ = {isa = PBXBuildFile; fileRef = 312FAA0F1918CC9500742DE5 /* CImageVIew.m */; };
		3131E0B41919DAC9004E106B /* SegmentOfMapper.m in Sources */ = {isa = PBXBuildFile; fileRef = 3131E0B31919DAC9004E106B /* SegmentOfMapper.m */; };
		3131E0B71919DF0E004E106B /* CustomSegmetnControl.m in Sources */ = {isa = PBXBuildFile; fileRef = 3131E0B61919DF0E004E106B /* CustomSegmetnControl.m */; };
		3138C8D2191C74B200E0E2FF /* ScrollerViewOfMapper.m in Sources */ = {isa = PBXBuildFile; fileRef = 3138C8D1191C74B200E0E2FF /* ScrollerViewOfMapper.m */; };
		3138C8D5191C7BE700E0E2FF /* CustomScrollerView.m in Sources */ = {isa = PBXBuildFile; fileRef = 3138C8D4191C7BE700E0E2FF /* CustomScrollerView.m */; };
		3138C8D8191C829B00E0E2FF /* SecondViewController.m in Sources */ = {isa = PBXBuildFile; fileRef = 3138C8D7191C829B00E0E2FF /* SecondViewController.m */; };
		3138C8DA191C830300E0E2FF /* secondViewController.json in Resources */ = {isa = PBXBuildFile; fileRef = 3138C8D9191C830300E0E2FF /* secondViewController.json */; };
		317AECDB191640F200B58136 /* FirstViewController.m in Sources */ = {isa = PBXBuildFile; fileRef = 317AECDA191640F200B58136 /* FirstViewController.m */; };
		3197A8801910D5C70065C714 /* NSObject+moreMethords.m in Sources */ = {isa = PBXBuildFile; fileRef = 3197A87F1910D5C70065C714 /* NSObject+moreMethords.m */; };
		31CCA373190F4FBD0043FEC5 /* Foundation.framework in Frameworks */ = {isa = PBXBuildFile; fileRef = 31CCA372190F4FBD0043FEC5 /* Foundation.framework */; };
		31CCA375190F4FBD0043FEC5 /* CoreGraphics.framework in Frameworks */ = {isa = PBXBuildFile; fileRef = 31CCA374190F4FBD0043FEC5 /* CoreGraphics.framework */; };
		31CCA377190F4FBD0043FEC5 /* UIKit.framework in Frameworks */ = {isa = PBXBuildFile; fileRef = 31CCA376190F4FBD0043FEC5 /* UIKit.framework */; settings = {ATTRIBUTES = (Required, ); }; };
		31CCA37D190F4FBD0043FEC5 /* InfoPlist.strings in Resources */ = {isa = PBXBuildFile; fileRef = 31CCA37B190F4FBD0043FEC5 /* InfoPlist.strings */; };
		31CCA37F190F4FBD0043FEC5 /* main.m in Sources */ = {isa = PBXBuildFile; fileRef = 31CCA37E190F4FBD0043FEC5 /* main.m */; };
		31CCA383190F4FBD0043FEC5 /* AppDelegate.m in Sources */ = {isa = PBXBuildFile; fileRef = 31CCA382190F4FBD0043FEC5 /* AppDelegate.m */; };
		31CCA389190F4FBD0043FEC5 /* ViewController.m in Sources */ = {isa = PBXBuildFile; fileRef = 31CCA388190F4FBD0043FEC5 /* ViewController.m */; };
		31CCA38B190F4FBD0043FEC5 /* Images.xcassets in Resources */ = {isa = PBXBuildFile; fileRef = 31CCA38A190F4FBD0043FEC5 /* Images.xcassets */; };
		31CCA392190F4FBE0043FEC5 /* XCTest.framework in Frameworks */ = {isa = PBXBuildFile; fileRef = 31CCA391190F4FBE0043FEC5 /* XCTest.framework */; };
		31CCA393190F4FBE0043FEC5 /* Foundation.framework in Frameworks */ = {isa = PBXBuildFile; fileRef = 31CCA372190F4FBD0043FEC5 /* Foundation.framework */; };
		31CCA394190F4FBE0043FEC5 /* UIKit.framework in Frameworks */ = {isa = PBXBuildFile; fileRef = 31CCA376190F4FBD0043FEC5 /* UIKit.framework */; };
		31CCA39C190F4FBE0043FEC5 /* InfoPlist.strings in Resources */ = {isa = PBXBuildFile; fileRef = 31CCA39A190F4FBE0043FEC5 /* InfoPlist.strings */; };
		31CCA39E190F4FBE0043FEC5 /* FirstProjectTests.m in Sources */ = {isa = PBXBuildFile; fileRef = 31CCA39D190F4FBE0043FEC5 /* FirstProjectTests.m */; };
		31CCA3B6190F50750043FEC5 /* BaseCellMember.m in Sources */ = {isa = PBXBuildFile; fileRef = 31CCA3AD190F50750043FEC5 /* BaseCellMember.m */; };
		31CCA3B7190F50750043FEC5 /* FirstCellMember.m in Sources */ = {isa = PBXBuildFile; fileRef = 31CCA3AF190F50750043FEC5 /* FirstCellMember.m */; };
		31CCA3B8190F50750043FEC5 /* WCustomTableView.m in Sources */ = {isa = PBXBuildFile; fileRef = 31CCA3B2190F50750043FEC5 /* WCustomTableView.m */; };
		31CCA3B9190F50750043FEC5 /* WFirstCustomCell.m in Sources */ = {isa = PBXBuildFile; fileRef = 31CCA3B4190F50750043FEC5 /* WFirstCustomCell.m */; };
		31F5DF78190FA75A001F1AB9 /* QuartzCore.framework in Frameworks */ = {isa = PBXBuildFile; fileRef = 31F5DF77190FA75A001F1AB9 /* QuartzCore.framework */; };
		31F5DF7F190FABFA001F1AB9 /* TableOfMapper.m in Sources */ = {isa = PBXBuildFile; fileRef = 31F5DF7E190FABFA001F1AB9 /* TableOfMapper.m */; };
		418FFA9005D741DE8E7BF7A7 /* libPods.a in Frameworks */ = {isa = PBXBuildFile; fileRef = B22D3423F06B44B88E4D527D /* libPods.a */; };
/* End PBXBuildFile section */

/* Begin PBXContainerItemProxy section */
		31CCA395190F4FBE0043FEC5 /* PBXContainerItemProxy */ = {
			isa = PBXContainerItemProxy;
			containerPortal = 31CCA367190F4FBD0043FEC5 /* Project object */;
			proxyType = 1;
			remoteGlobalIDString = 31CCA36E190F4FBD0043FEC5;
			remoteInfo = FirstProject;
		};
/* End PBXContainerItemProxy section */

/* Begin PBXFileReference section */
		31091527191B155D00F0C970 /* SwitchOfMapper.h */ = {isa = PBXFileReference; fileEncoding = 4; lastKnownFileType = sourcecode.c.h; path = SwitchOfMapper.h; sourceTree = "<group>"; };
		31091528191B155D00F0C970 /* SwitchOfMapper.m */ = {isa = PBXFileReference; fileEncoding = 4; lastKnownFileType = sourcecode.c.objc; path = SwitchOfMapper.m; sourceTree = "<group>"; };
		3109152A191B1A8B00F0C970 /* CustomSwitch.h */ = {isa = PBXFileReference; fileEncoding = 4; lastKnownFileType = sourcecode.c.h; path = CustomSwitch.h; sourceTree = "<group>"; };
		3109152B191B1A8B00F0C970 /* CustomSwitch.m */ = {isa = PBXFileReference; fileEncoding = 4; lastKnownFileType = sourcecode.c.objc; path = CustomSwitch.m; sourceTree = "<group>"; };
		3109152D191B230B00F0C970 /* TextFieldOfMapper.h */ = {isa = PBXFileReference; fileEncoding = 4; lastKnownFileType = sourcecode.c.h; path = TextFieldOfMapper.h; sourceTree = "<group>"; };
		3109152E191B230B00F0C970 /* TextFieldOfMapper.m */ = {isa = PBXFileReference; fileEncoding = 4; lastKnownFileType = sourcecode.c.objc; path = TextFieldOfMapper.m; sourceTree = "<group>"; };
		31091530191B26D800F0C970 /* CustomTextField.h */ = {isa = PBXFileReference; fileEncoding = 4; lastKnownFileType = sourcecode.c.h; path = CustomTextField.h; sourceTree = "<group>"; };
		31091531191B26D800F0C970 /* CustomTextField.m */ = {isa = PBXFileReference; fileEncoding = 4; lastKnownFileType = sourcecode.c.objc; path = CustomTextField.m; sourceTree = "<group>"; };
		31091533191B275D00F0C970 /* UIImage+Additions.h */ = {isa = PBXFileReference; fileEncoding = 4; lastKnownFileType = sourcecode.c.h; path = "UIImage+Additions.h"; sourceTree = "<group>"; };
		31091534191B275D00F0C970 /* UIImage+Additions.m */ = {isa = PBXFileReference; fileEncoding = 4; lastKnownFileType = sourcecode.c.objc; path = "UIImage+Additions.m"; sourceTree = "<group>"; };
		31175481191A1DE200C3FA69 /* SliderOfMapper.h */ = {isa = PBXFileReference; fileEncoding = 4; lastKnownFileType = sourcecode.c.h; path = SliderOfMapper.h; sourceTree = "<group>"; };
		31175482191A1DE200C3FA69 /* SliderOfMapper.m */ = {isa = PBXFileReference; fileEncoding = 4; lastKnownFileType = sourcecode.c.objc; path = SliderOfMapper.m; sourceTree = "<group>"; };
		31175484191A271600C3FA69 /* CustomSlider.h */ = {isa = PBXFileReference; fileEncoding = 4; lastKnownFileType = sourcecode.c.h; path = CustomSlider.h; sourceTree = "<group>"; };
		31175485191A271600C3FA69 /* CustomSlider.m */ = {isa = PBXFileReference; fileEncoding = 4; lastKnownFileType = sourcecode.c.objc; path = CustomSlider.m; sourceTree = "<group>"; };
		31197E52191092110002514B /* 1.png */ = {isa = PBXFileReference; lastKnownFileType = image.png; path = 1.png; sourceTree = "<group>"; };
		31197E53191092110002514B /* 2.png */ = {isa = PBXFileReference; lastKnownFileType = image.png; path = 2.png; sourceTree = "<group>"; };
		31197E54191092110002514B /* 3.png */ = {isa = PBXFileReference; lastKnownFileType = image.png; path = 3.png; sourceTree = "<group>"; };
		31197E55191092110002514B /* 4.png */ = {isa = PBXFileReference; lastKnownFileType = image.png; path = 4.png; sourceTree = "<group>"; };
		31197E56191092110002514B /* 5.png */ = {isa = PBXFileReference; lastKnownFileType = image.png; path = 5.png; sourceTree = "<group>"; };
		31197E57191092110002514B /* 6.png */ = {isa = PBXFileReference; lastKnownFileType = image.png; path = 6.png; sourceTree = "<group>"; };
		31197E58191092110002514B /* 7.png */ = {isa = PBXFileReference; lastKnownFileType = image.png; path = 7.png; sourceTree = "<group>"; };
		31197E59191092110002514B /* 8.png */ = {isa = PBXFileReference; lastKnownFileType = image.png; path = 8.png; sourceTree = "<group>"; };
		31197E5A191092110002514B /* 9.png */ = {isa = PBXFileReference; lastKnownFileType = image.png; path = 9.png; sourceTree = "<group>"; };
		31197E67191096E70002514B /* ButtonOfMapper.h */ = {isa = PBXFileReference; fileEncoding = 4; lastKnownFileType = sourcecode.c.h; path = ButtonOfMapper.h; sourceTree = "<group>"; };
		31197E68191096E70002514B /* ButtonOfMapper.m */ = {isa = PBXFileReference; fileEncoding = 4; lastKnownFileType = sourcecode.c.objc; path = ButtonOfMapper.m; sourceTree = "<group>"; };
		311B353B19176F3D001A822D /* HeaderForCustoms.h */ = {isa = PBXFileReference; fileEncoding = 4; lastKnownFileType = sourcecode.c.h; path = HeaderForCustoms.h; sourceTree = "<group>"; };
		311D32B0191739AB00D9195D /* Reveal.framework */ = {isa = PBXFileReference; lastKnownFileType = wrapper.framework; path = Reveal.framework; sourceTree = "<group>"; };
		311F87721919C8E9006F135B /* PageControlOfMapper.h */ = {isa = PBXFileReference; fileEncoding = 4; lastKnownFileType = sourcecode.c.h; path = PageControlOfMapper.h; sourceTree = "<group>"; };
		311F87731919C8E9006F135B /* PageControlOfMapper.m */ = {isa = PBXFileReference; fileEncoding = 4; lastKnownFileType = sourcecode.c.objc; path = PageControlOfMapper.m; sourceTree = "<group>"; };
		311F87751919CA51006F135B /* CpageControl.h */ = {isa = PBXFileReference; fileEncoding = 4; lastKnownFileType = sourcecode.c.h; path = CpageControl.h; sourceTree = "<group>"; };
		311F87761919CA51006F135B /* CpageControl.m */ = {isa = PBXFileReference; fileEncoding = 4; lastKnownFileType = sourcecode.c.objc; path = CpageControl.m; sourceTree = "<group>"; };
		3121654E19160E2D00B3992D /* CustomView.h */ = {isa = PBXFileReference; fileEncoding = 4; lastKnownFileType = sourcecode.c.h; path = CustomView.h; sourceTree = "<group>"; };
		3121654F19160E2D00B3992D /* CustomView.m */ = {isa = PBXFileReference; fileEncoding = 4; lastKnownFileType = sourcecode.c.objc; path = CustomView.m; sourceTree = "<group>"; };
		3121655119160EAC00B3992D /* CustomViewOfMapper.h */ = {isa = PBXFileReference; fileEncoding = 4; lastKnownFileType = sourcecode.c.h; path = CustomViewOfMapper.h; sourceTree = "<group>"; };
		3121655219160EAC00B3992D /* CustomViewOfMapper.m */ = {isa = PBXFileReference; fileEncoding = 4; lastKnownFileType = sourcecode.c.objc; path = CustomViewOfMapper.m; sourceTree = "<group>"; };
		312165541916260800B3992D /* CustomLabel.h */ = {isa = PBXFileReference; fileEncoding = 4; lastKnownFileType = sourcecode.c.h; path = CustomLabel.h; sourceTree = "<group>"; };
		312165551916260800B3992D /* CustomLabel.m */ = {isa = PBXFileReference; fileEncoding = 4; lastKnownFileType = sourcecode.c.objc; path = CustomLabel.m; sourceTree = "<group>"; };
		312165571916265500B3992D /* LabelOfMapper.h */ = {isa = PBXFileReference; fileEncoding = 4; lastKnownFileType = sourcecode.c.h; path = LabelOfMapper.h; sourceTree = "<group>"; };
		312165581916265500B3992D /* LabelOfMapper.m */ = {isa = PBXFileReference; fileEncoding = 4; lastKnownFileType = sourcecode.c.objc; path = LabelOfMapper.m; sourceTree = "<group>"; };
		3121655A19162B6600B3992D /* baseViewController.json */ = {isa = PBXFileReference; fileEncoding = 4; lastKnownFileType = text.json; path = baseViewController.json; sourceTree = "<group>"; };
		312394121915E4700016B06C /* WidgetSettingForLayout.h */ = {isa = PBXFileReference; fileEncoding = 4; lastKnownFileType = sourcecode.c.h; path = WidgetSettingForLayout.h; sourceTree = "<group>"; };
		312394131915E4700016B06C /* WidgetSettingForLayout.m */ = {isa = PBXFileReference; fileEncoding = 4; lastKnownFileType = sourcecode.c.objc; path = WidgetSettingForLayout.m; sourceTree = "<group>"; };
		312972D219299BE00000788F /* LiveController.json */ = {isa = PBXFileReference; fileEncoding = 4; lastKnownFileType = text.json; path = LiveController.json; sourceTree = "<group>"; };
		312972D319299BE00000788F /* MainController.json */ = {isa = PBXFileReference; fileEncoding = 4; lastKnownFileType = text.json; path = MainController.json; sourceTree = "<group>"; };
		312972D419299BE00000788F /* RegisterController.json */ = {isa = PBXFileReference; fileEncoding = 4; lastKnownFileType = text.json; path = RegisterController.json; sourceTree = "<group>"; };
		312972D81929A1DE0000788F /* MainViewController.h */ = {isa = PBXFileReference; fileEncoding = 4; lastKnownFileType = sourcecode.c.h; path = MainViewController.h; sourceTree = "<group>"; };
		312972D91929A1DE0000788F /* MainViewController.m */ = {isa = PBXFileReference; fileEncoding = 4; lastKnownFileType = sourcecode.c.objc; path = MainViewController.m; sourceTree = "<group>"; };
		312972DC1929ABE70000788F /* x_alt_32x32.png */ = {isa = PBXFileReference; lastKnownFileType = image.png; path = x_alt_32x32.png; sourceTree = "<group>"; };
		312972DD1929ABE70000788F /* Default-568h@2x.png */ = {isa = PBXFileReference; lastKnownFileType = image.png; path = "Default-568h@2x.png"; sourceTree = "<group>"; };
		312972DE1929ABE80000788F /* Default.png */ = {isa = PBXFileReference; lastKnownFileType = image.png; path = Default.png; sourceTree = "<group>"; };
		312972DF1929ABE80000788F /* Default@2x.png */ = {isa = PBXFileReference; lastKnownFileType = image.png; path = "Default@2x.png"; sourceTree = "<group>"; };
		312972E01929ABE80000788F /* heart_stroke_24x21.png */ = {isa = PBXFileReference; lastKnownFileType = image.png; path = heart_stroke_24x21.png; sourceTree = "<group>"; };
		312972E11929ABE80000788F /* home_24x24.png */ = {isa = PBXFileReference; lastKnownFileType = image.png; path = home_24x24.png; sourceTree = "<group>"; };
		312972E21929ABE80000788F /* magnifying_glass_24x24.png */ = {isa = PBXFileReference; lastKnownFileType = image.png; path = magnifying_glass_24x24.png; sourceTree = "<group>"; };
		312972E31929ABE80000788F /* mail_24x18.png */ = {isa = PBXFileReference; lastKnownFileType = image.png; path = mail_24x18.png; sourceTree = "<group>"; };
		312972E41929ABE80000788F /* user_18x24.png */ = {isa = PBXFileReference; lastKnownFileType = image.png; path = user_18x24.png; sourceTree = "<group>"; };
		312972E51929ABE80000788F /* user_12x16.png */ = {isa = PBXFileReference; lastKnownFileType = image.png; path = user_12x16.png; sourceTree = "<group>"; };
		312972E61929ABE80000788F /* mail_16x12.png */ = {isa = PBXFileReference; lastKnownFileType = image.png; path = mail_16x12.png; sourceTree = "<group>"; };
		312972E71929ABE80000788F /* magnifying_glass_16x16.png */ = {isa = PBXFileReference; lastKnownFileType = image.png; path = magnifying_glass_16x16.png; sourceTree = "<group>"; };
		312972E81929ABE80000788F /* home_16x16.png */ = {isa = PBXFileReference; lastKnownFileType = image.png; path = home_16x16.png; sourceTree = "<group>"; };
		312972E91929ABE80000788F /* heart_stroke_16x14.png */ = {isa = PBXFileReference; lastKnownFileType = image.png; path = heart_stroke_16x14.png; sourceTree = "<group>"; };
		312972EA1929ABE80000788F /* heart_fill_16x14.png */ = {isa = PBXFileReference; lastKnownFileType = image.png; path = heart_fill_16x14.png; sourceTree = "<group>"; };
		312972EB1929ABE80000788F /* user_24x32.png */ = {isa = PBXFileReference; lastKnownFileType = image.png; path = user_24x32.png; sourceTree = "<group>"; };
		312972EC1929ABE80000788F /* mail_32x24.png */ = {isa = PBXFileReference; lastKnownFileType = image.png; path = mail_32x24.png; sourceTree = "<group>"; };
		312972ED1929ABE80000788F /* magnifying_glass_alt_32x32.png */ = {isa = PBXFileReference; lastKnownFileType = image.png; path = magnifying_glass_alt_32x32.png; sourceTree = "<group>"; };
		312972EE1929ABE80000788F /* heart_fill_32x38.png */ = {isa = PBXFileReference; lastKnownFileType = image.png; path = heart_fill_32x38.png; sourceTree = "<group>"; };
		312972EF1929ABE80000788F /* home_32x32.png */ = {isa = PBXFileReference; lastKnownFileType = image.png; path = home_32x32.png; sourceTree = "<group>"; };
		312973041929AC3A0000788F /* TabBarViewController.h */ = {isa = PBXFileReference; fileEncoding = 4; lastKnownFileType = sourcecode.c.h; path = TabBarViewController.h; sourceTree = "<group>"; };
		312973051929AC3A0000788F /* TabBarViewController.m */ = {isa = PBXFileReference; fileEncoding = 4; lastKnownFileType = sourcecode.c.objc; path = TabBarViewController.m; sourceTree = "<group>"; };
		312973071929AC820000788F /* LiveViewController.h */ = {isa = PBXFileReference; fileEncoding = 4; lastKnownFileType = sourcecode.c.h; path = LiveViewController.h; sourceTree = "<group>"; };
		312973081929AC820000788F /* LiveViewController.m */ = {isa = PBXFileReference; fileEncoding = 4; lastKnownFileType = sourcecode.c.objc; path = LiveViewController.m; sourceTree = "<group>"; };
		3129730A1929AC970000788F /* ShoppingCarViewController.h */ = {isa = PBXFileReference; fileEncoding = 4; lastKnownFileType = sourcecode.c.h; path = ShoppingCarViewController.h; sourceTree = "<group>"; };
		3129730B1929AC970000788F /* ShoppingCarViewController.m */ = {isa = PBXFileReference; fileEncoding = 4; lastKnownFileType = sourcecode.c.objc; path = ShoppingCarViewController.m; sourceTree = "<group>"; };
		3129730D1929ACA70000788F /* MyGoodsViewController.h */ = {isa = PBXFileReference; fileEncoding = 4; lastKnownFileType = sourcecode.c.h; path = MyGoodsViewController.h; sourceTree = "<group>"; };
		3129730E1929ACA70000788F /* MyGoodsViewController.m */ = {isa = PBXFileReference; fileEncoding = 4; lastKnownFileType = sourcecode.c.objc; path = MyGoodsViewController.m; sourceTree = "<group>"; };
		312A8ED5190F7F240048E030 /* firstViewController.json */ = {isa = PBXFileReference; fileEncoding = 4; lastKnownFileType = text.json; path = firstViewController.json; sourceTree = "<group>"; };
		312A8ED8190F7F710048E030 /* HeaderForMacro.h */ = {isa = PBXFileReference; fileEncoding = 4; lastKnownFileType = sourcecode.c.h; path = HeaderForMacro.h; sourceTree = "<group>"; };
		312A8EDB190F80160048E030 /* image.bundle */ = {isa = PBXFileReference; lastKnownFileType = "wrapper.plug-in"; path = image.bundle; sourceTree = "<group>"; };
		312A8EDC190F80160048E030 /* RefreshFooterView.h */ = {isa = PBXFileReference; fileEncoding = 4; lastKnownFileType = sourcecode.c.h; path = RefreshFooterView.h; sourceTree = "<group>"; };
		312A8EDD190F80160048E030 /* RefreshFooterView.m */ = {isa = PBXFileReference; fileEncoding = 4; lastKnownFileType = sourcecode.c.objc; path = RefreshFooterView.m; sourceTree = "<group>"; };
		312A8EDE190F80160048E030 /* RefreshHeaderView.h */ = {isa = PBXFileReference; fileEncoding = 4; lastKnownFileType = sourcecode.c.h; path = RefreshHeaderView.h; sourceTree = "<group>"; };
		312A8EDF190F80160048E030 /* RefreshHeaderView.m */ = {isa = PBXFileReference; fileEncoding = 4; lastKnownFileType = sourcecode.c.objc; path = RefreshHeaderView.m; sourceTree = "<group>"; };
		312A8EE0190F80160048E030 /* WZRefreshBaseView.h */ = {isa = PBXFileReference; fileEncoding = 4; lastKnownFileType = sourcecode.c.h; path = WZRefreshBaseView.h; sourceTree = "<group>"; };
		312A8EE1190F80160048E030 /* WZRefreshBaseView.m */ = {isa = PBXFileReference; fileEncoding = 4; lastKnownFileType = sourcecode.c.objc; path = WZRefreshBaseView.m; sourceTree = "<group>"; };
		312A8EE2190F80160048E030 /* WZRefrshConst.h */ = {isa = PBXFileReference; fileEncoding = 4; lastKnownFileType = sourcecode.c.h; path = WZRefrshConst.h; sourceTree = "<group>"; };
		312A8EE3190F80160048E030 /* WZRefrshConst.m */ = {isa = PBXFileReference; fileEncoding = 4; lastKnownFileType = sourcecode.c.objc; path = WZRefrshConst.m; sourceTree = "<group>"; };
		312A8EEA190F81080048E030 /* CountString.h */ = {isa = PBXFileReference; fileEncoding = 4; lastKnownFileType = sourcecode.c.h; path = CountString.h; sourceTree = "<group>"; };
		312A8EEB190F81080048E030 /* CountString.m */ = {isa = PBXFileReference; fileEncoding = 4; lastKnownFileType = sourcecode.c.objc; path = CountString.m; sourceTree = "<group>"; };
		312A8EEC190F81080048E030 /* wDynamicLayout.h */ = {isa = PBXFileReference; fileEncoding = 4; lastKnownFileType = sourcecode.c.h; path = wDynamicLayout.h; sourceTree = "<group>"; };
		312A8EED190F81080048E030 /* wDynamicLayout.m */ = {isa = PBXFileReference; fileEncoding = 4; lastKnownFileType = sourcecode.c.objc; path = wDynamicLayout.m; sourceTree = "<group>"; };
		312A8EF1190F826B0048E030 /* customButton.h */ = {isa = PBXFileReference; fileEncoding = 4; lastKnownFileType = sourcecode.c.h; path = customButton.h; sourceTree = "<group>"; };
		312A8EF2190F826B0048E030 /* customButton.m */ = {isa = PBXFileReference; fileEncoding = 4; lastKnownFileType = sourcecode.c.objc; path = customButton.m; sourceTree = "<group>"; };
		312A8EF5190F85BA0048E030 /* HeaderAndFooterRefresh.h */ = {isa = PBXFileReference; fileEncoding = 4; lastKnownFileType = sourcecode.c.h; path = HeaderAndFooterRefresh.h; sourceTree = "<group>"; };
		312FAA0B1918C0CE00742DE5 /* ImageViewOfMapper.h */ = {isa = PBXFileReference; fileEncoding = 4; lastKnownFileType = sourcecode.c.h; path = ImageViewOfMapper.h; sourceTree = "<group>"; };
		312FAA0C1918C0CE00742DE5 /* ImageViewOfMapper.m */ = {isa = PBXFileReference; fileEncoding = 4; lastKnownFileType = sourcecode.c.objc; path = ImageViewOfMapper.m; sourceTree = "<group>"; };
		312FAA0E1918CC9500742DE5 /* CImageVIew.h */ = {isa = PBXFileReference; fileEncoding = 4; lastKnownFileType = sourcecode.c.h; path = CImageVIew.h; sourceTree = "<group>"; };
		312FAA0F1918CC9500742DE5 /* CImageVIew.m */ = {isa = PBXFileReference; fileEncoding = 4; lastKnownFileType = sourcecode.c.objc; path = CImageVIew.m; sourceTree = "<group>"; };
		3131E0B21919DAC9004E106B /* SegmentOfMapper.h */ = {isa = PBXFileReference; fileEncoding = 4; lastKnownFileType = sourcecode.c.h; path = SegmentOfMapper.h; sourceTree = "<group>"; };
		3131E0B31919DAC9004E106B /* SegmentOfMapper.m */ = {isa = PBXFileReference; fileEncoding = 4; lastKnownFileType = sourcecode.c.objc; path = SegmentOfMapper.m; sourceTree = "<group>"; };
		3131E0B51919DF0E004E106B /* CustomSegmetnControl.h */ = {isa = PBXFileReference; fileEncoding = 4; lastKnownFileType = sourcecode.c.h; path = CustomSegmetnControl.h; sourceTree = "<group>"; };
		3131E0B61919DF0E004E106B /* CustomSegmetnControl.m */ = {isa = PBXFileReference; fileEncoding = 4; lastKnownFileType = sourcecode.c.objc; path = CustomSegmetnControl.m; sourceTree = "<group>"; };
		3138C8D0191C74B200E0E2FF /* ScrollerViewOfMapper.h */ = {isa = PBXFileReference; fileEncoding = 4; lastKnownFileType = sourcecode.c.h; path = ScrollerViewOfMapper.h; sourceTree = "<group>"; };
		3138C8D1191C74B200E0E2FF /* ScrollerViewOfMapper.m */ = {isa = PBXFileReference; fileEncoding = 4; lastKnownFileType = sourcecode.c.objc; path = ScrollerViewOfMapper.m; sourceTree = "<group>"; };
		3138C8D3191C7BE700E0E2FF /* CustomScrollerView.h */ = {isa = PBXFileReference; fileEncoding = 4; lastKnownFileType = sourcecode.c.h; path = CustomScrollerView.h; sourceTree = "<group>"; };
		3138C8D4191C7BE700E0E2FF /* CustomScrollerView.m */ = {isa = PBXFileReference; fileEncoding = 4; lastKnownFileType = sourcecode.c.objc; path = CustomScrollerView.m; sourceTree = "<group>"; };
		3138C8D6191C829B00E0E2FF /* SecondViewController.h */ = {isa = PBXFileReference; fileEncoding = 4; lastKnownFileType = sourcecode.c.h; path = SecondViewController.h; sourceTree = "<group>"; };
		3138C8D7191C829B00E0E2FF /* SecondViewController.m */ = {isa = PBXFileReference; fileEncoding = 4; lastKnownFileType = sourcecode.c.objc; path = SecondViewController.m; sourceTree = "<group>"; };
		3138C8D9191C830300E0E2FF /* secondViewController.json */ = {isa = PBXFileReference; fileEncoding = 4; lastKnownFileType = text.json; path = secondViewController.json; sourceTree = "<group>"; };
		317AECD9191640F200B58136 /* FirstViewController.h */ = {isa = PBXFileReference; fileEncoding = 4; lastKnownFileType = sourcecode.c.h; path = FirstViewController.h; sourceTree = "<group>"; };
		317AECDA191640F200B58136 /* FirstViewController.m */ = {isa = PBXFileReference; fileEncoding = 4; lastKnownFileType = sourcecode.c.objc; path = FirstViewController.m; sourceTree = "<group>"; };
		3197A87E1910D5C70065C714 /* NSObject+moreMethords.h */ = {isa = PBXFileReference; fileEncoding = 4; lastKnownFileType = sourcecode.c.h; path = "NSObject+moreMethords.h"; sourceTree = "<group>"; };
		3197A87F1910D5C70065C714 /* NSObject+moreMethords.m */ = {isa = PBXFileReference; fileEncoding = 4; lastKnownFileType = sourcecode.c.objc; path = "NSObject+moreMethords.m"; sourceTree = "<group>"; };
		31CCA36F190F4FBD0043FEC5 /* FirstProject.app */ = {isa = PBXFileReference; explicitFileType = wrapper.application; includeInIndex = 0; path = FirstProject.app; sourceTree = BUILT_PRODUCTS_DIR; };
		31CCA372190F4FBD0043FEC5 /* Foundation.framework */ = {isa = PBXFileReference; lastKnownFileType = wrapper.framework; name = Foundation.framework; path = System/Library/Frameworks/Foundation.framework; sourceTree = SDKROOT; };
		31CCA374190F4FBD0043FEC5 /* CoreGraphics.framework */ = {isa = PBXFileReference; lastKnownFileType = wrapper.framework; name = CoreGraphics.framework; path = System/Library/Frameworks/CoreGraphics.framework; sourceTree = SDKROOT; };
		31CCA376190F4FBD0043FEC5 /* UIKit.framework */ = {isa = PBXFileReference; lastKnownFileType = wrapper.framework; name = UIKit.framework; path = System/Library/Frameworks/UIKit.framework; sourceTree = SDKROOT; };
		31CCA37A190F4FBD0043FEC5 /* FirstProject-Info.plist */ = {isa = PBXFileReference; lastKnownFileType = text.plist.xml; path = "FirstProject-Info.plist"; sourceTree = "<group>"; };
		31CCA37C190F4FBD0043FEC5 /* en */ = {isa = PBXFileReference; lastKnownFileType = text.plist.strings; name = en; path = en.lproj/InfoPlist.strings; sourceTree = "<group>"; };
		31CCA37E190F4FBD0043FEC5 /* main.m */ = {isa = PBXFileReference; lastKnownFileType = sourcecode.c.objc; path = main.m; sourceTree = "<group>"; };
		31CCA380190F4FBD0043FEC5 /* FirstProject-Prefix.pch */ = {isa = PBXFileReference; lastKnownFileType = sourcecode.c.h; path = "FirstProject-Prefix.pch"; sourceTree = "<group>"; };
		31CCA381190F4FBD0043FEC5 /* AppDelegate.h */ = {isa = PBXFileReference; lastKnownFileType = sourcecode.c.h; path = AppDelegate.h; sourceTree = "<group>"; };
		31CCA382190F4FBD0043FEC5 /* AppDelegate.m */ = {isa = PBXFileReference; lastKnownFileType = sourcecode.c.objc; path = AppDelegate.m; sourceTree = "<group>"; };
		31CCA387190F4FBD0043FEC5 /* ViewController.h */ = {isa = PBXFileReference; lastKnownFileType = sourcecode.c.h; path = ViewController.h; sourceTree = "<group>"; };
		31CCA388190F4FBD0043FEC5 /* ViewController.m */ = {isa = PBXFileReference; lastKnownFileType = sourcecode.c.objc; path = ViewController.m; sourceTree = "<group>"; };
		31CCA38A190F4FBD0043FEC5 /* Images.xcassets */ = {isa = PBXFileReference; lastKnownFileType = folder.assetcatalog; path = Images.xcassets; sourceTree = "<group>"; };
		31CCA390190F4FBE0043FEC5 /* FirstProjectTests.xctest */ = {isa = PBXFileReference; explicitFileType = wrapper.cfbundle; includeInIndex = 0; path = FirstProjectTests.xctest; sourceTree = BUILT_PRODUCTS_DIR; };
		31CCA391190F4FBE0043FEC5 /* XCTest.framework */ = {isa = PBXFileReference; lastKnownFileType = wrapper.framework; name = XCTest.framework; path = Library/Frameworks/XCTest.framework; sourceTree = DEVELOPER_DIR; };
		31CCA399190F4FBE0043FEC5 /* FirstProjectTests-Info.plist */ = {isa = PBXFileReference; lastKnownFileType = text.plist.xml; path = "FirstProjectTests-Info.plist"; sourceTree = "<group>"; };
		31CCA39B190F4FBE0043FEC5 /* en */ = {isa = PBXFileReference; lastKnownFileType = text.plist.strings; name = en; path = en.lproj/InfoPlist.strings; sourceTree = "<group>"; };
		31CCA39D190F4FBE0043FEC5 /* FirstProjectTests.m */ = {isa = PBXFileReference; lastKnownFileType = sourcecode.c.objc; path = FirstProjectTests.m; sourceTree = "<group>"; };
		31CCA3AC190F50750043FEC5 /* BaseCellMember.h */ = {isa = PBXFileReference; fileEncoding = 4; lastKnownFileType = sourcecode.c.h; path = BaseCellMember.h; sourceTree = "<group>"; };
		31CCA3AD190F50750043FEC5 /* BaseCellMember.m */ = {isa = PBXFileReference; fileEncoding = 4; lastKnownFileType = sourcecode.c.objc; path = BaseCellMember.m; sourceTree = "<group>"; };
		31CCA3AE190F50750043FEC5 /* FirstCellMember.h */ = {isa = PBXFileReference; fileEncoding = 4; lastKnownFileType = sourcecode.c.h; path = FirstCellMember.h; sourceTree = "<group>"; };
		31CCA3AF190F50750043FEC5 /* FirstCellMember.m */ = {isa = PBXFileReference; fileEncoding = 4; lastKnownFileType = sourcecode.c.objc; path = FirstCellMember.m; sourceTree = "<group>"; };
		31CCA3B1190F50750043FEC5 /* WCustomTableView.h */ = {isa = PBXFileReference; fileEncoding = 4; lastKnownFileType = sourcecode.c.h; path = WCustomTableView.h; sourceTree = "<group>"; };
		31CCA3B2190F50750043FEC5 /* WCustomTableView.m */ = {isa = PBXFileReference; fileEncoding = 4; lastKnownFileType = sourcecode.c.objc; path = WCustomTableView.m; sourceTree = "<group>"; };
		31CCA3B3190F50750043FEC5 /* WFirstCustomCell.h */ = {isa = PBXFileReference; fileEncoding = 4; lastKnownFileType = sourcecode.c.h; path = WFirstCustomCell.h; sourceTree = "<group>"; };
		31CCA3B4190F50750043FEC5 /* WFirstCustomCell.m */ = {isa = PBXFileReference; fileEncoding = 4; lastKnownFileType = sourcecode.c.objc; path = WFirstCustomCell.m; sourceTree = "<group>"; };
		31F5DF77190FA75A001F1AB9 /* QuartzCore.framework */ = {isa = PBXFileReference; lastKnownFileType = wrapper.framework; name = QuartzCore.framework; path = System/Library/Frameworks/QuartzCore.framework; sourceTree = SDKROOT; };
		31F5DF7D190FABFA001F1AB9 /* TableOfMapper.h */ = {isa = PBXFileReference; fileEncoding = 4; lastKnownFileType = sourcecode.c.h; path = TableOfMapper.h; sourceTree = "<group>"; };
		31F5DF7E190FABFA001F1AB9 /* TableOfMapper.m */ = {isa = PBXFileReference; fileEncoding = 4; lastKnownFileType = sourcecode.c.objc; path = TableOfMapper.m; sourceTree = "<group>"; };
		8E83DD5A51B64824820877CD /* Pods.xcconfig */ = {isa = PBXFileReference; includeInIndex = 1; lastKnownFileType = text.xcconfig; name = Pods.xcconfig; path = Pods/Pods.xcconfig; sourceTree = "<group>"; };
		B22D3423F06B44B88E4D527D /* libPods.a */ = {isa = PBXFileReference; explicitFileType = archive.ar; includeInIndex = 0; path = libPods.a; sourceTree = BUILT_PRODUCTS_DIR; };
/* End PBXFileReference section */

/* Begin PBXFrameworksBuildPhase section */
		31CCA36C190F4FBD0043FEC5 /* Frameworks */ = {
			isa = PBXFrameworksBuildPhase;
			buildActionMask = 2147483647;
			files = (
				31F5DF78190FA75A001F1AB9 /* QuartzCore.framework in Frameworks */,
				31CCA375190F4FBD0043FEC5 /* CoreGraphics.framework in Frameworks */,
				311D32B1191739AB00D9195D /* Reveal.framework in Frameworks */,
				31CCA377190F4FBD0043FEC5 /* UIKit.framework in Frameworks */,
				31CCA373190F4FBD0043FEC5 /* Foundation.framework in Frameworks */,
				418FFA9005D741DE8E7BF7A7 /* libPods.a in Frameworks */,
			);
			runOnlyForDeploymentPostprocessing = 0;
		};
		31CCA38D190F4FBE0043FEC5 /* Frameworks */ = {
			isa = PBXFrameworksBuildPhase;
			buildActionMask = 2147483647;
			files = (
				31CCA392190F4FBE0043FEC5 /* XCTest.framework in Frameworks */,
				31CCA394190F4FBE0043FEC5 /* UIKit.framework in Frameworks */,
				31CCA393190F4FBE0043FEC5 /* Foundation.framework in Frameworks */,
			);
			runOnlyForDeploymentPostprocessing = 0;
		};
/* End PBXFrameworksBuildPhase section */

/* Begin PBXGroup section */
		312394111915E3B90016B06C /* Singleton Pattern */ = {
			isa = PBXGroup;
			children = (
				312394121915E4700016B06C /* WidgetSettingForLayout.h */,
				312394131915E4700016B06C /* WidgetSettingForLayout.m */,
			);
			path = "Singleton Pattern";
			sourceTree = "<group>";
		};
		312972D119299BCB0000788F /* taobaoJSON */ = {
			isa = PBXGroup;
			children = (
				312972D219299BE00000788F /* LiveController.json */,
				312972D319299BE00000788F /* MainController.json */,
				312972D419299BE00000788F /* RegisterController.json */,
			);
			name = taobaoJSON;
			sourceTree = "<group>";
		};
		312972DB1929A1EE0000788F /* taobaoController */ = {
			isa = PBXGroup;
			children = (
				312973041929AC3A0000788F /* TabBarViewController.h */,
				312973051929AC3A0000788F /* TabBarViewController.m */,
				312972D81929A1DE0000788F /* MainViewController.h */,
				312972D91929A1DE0000788F /* MainViewController.m */,
				312973071929AC820000788F /* LiveViewController.h */,
				312973081929AC820000788F /* LiveViewController.m */,
				3129730A1929AC970000788F /* ShoppingCarViewController.h */,
				3129730B1929AC970000788F /* ShoppingCarViewController.m */,
				3129730D1929ACA70000788F /* MyGoodsViewController.h */,
				3129730E1929ACA70000788F /* MyGoodsViewController.m */,
			);
			name = taobaoController;
			sourceTree = "<group>";
		};
		312A8ED7190F7F4C0048E030 /* DataSourse */ = {
			isa = PBXGroup;
			children = (
				312972D119299BCB0000788F /* taobaoJSON */,
				31F5DF64190F9CE1001F1AB9 /* Iamges */,
				312A8ED8190F7F710048E030 /* HeaderForMacro.h */,
				3121655A19162B6600B3992D /* baseViewController.json */,
				312A8ED5190F7F240048E030 /* firstViewController.json */,
				3138C8D9191C830300E0E2FF /* secondViewController.json */,
			);
			name = DataSourse;
			sourceTree = "<group>";
		};
		312A8ED9190F7F8E0048E030 /* Controllers */ = {
			isa = PBXGroup;
			children = (
				312972DB1929A1EE0000788F /* taobaoController */,
				31CCA387190F4FBD0043FEC5 /* ViewController.h */,
				31CCA388190F4FBD0043FEC5 /* ViewController.m */,
				317AECD9191640F200B58136 /* FirstViewController.h */,
				317AECDA191640F200B58136 /* FirstViewController.m */,
				3138C8D6191C829B00E0E2FF /* SecondViewController.h */,
				3138C8D7191C829B00E0E2FF /* SecondViewController.m */,
			);
			name = Controllers;
			sourceTree = "<group>";
		};
		312A8EDA190F80160048E030 /* CustomRefresh */ = {
			isa = PBXGroup;
			children = (
				312A8EDB190F80160048E030 /* image.bundle */,
				312A8EF5190F85BA0048E030 /* HeaderAndFooterRefresh.h */,
				312A8EDC190F80160048E030 /* RefreshFooterView.h */,
				312A8EDD190F80160048E030 /* RefreshFooterView.m */,
				312A8EDE190F80160048E030 /* RefreshHeaderView.h */,
				312A8EDF190F80160048E030 /* RefreshHeaderView.m */,
				312A8EE0190F80160048E030 /* WZRefreshBaseView.h */,
				312A8EE1190F80160048E030 /* WZRefreshBaseView.m */,
				312A8EE2190F80160048E030 /* WZRefrshConst.h */,
				312A8EE3190F80160048E030 /* WZRefrshConst.m */,
			);
			path = CustomRefresh;
			sourceTree = "<group>";
		};
		312A8EE9190F81080048E030 /* AutoLoadFile */ = {
			isa = PBXGroup;
			children = (
				312A8EEA190F81080048E030 /* CountString.h */,
				312A8EEB190F81080048E030 /* CountString.m */,
				312A8EEC190F81080048E030 /* wDynamicLayout.h */,
				312A8EED190F81080048E030 /* wDynamicLayout.m */,
				3197A87E1910D5C70065C714 /* NSObject+moreMethords.h */,
				3197A87F1910D5C70065C714 /* NSObject+moreMethords.m */,
				31091533191B275D00F0C970 /* UIImage+Additions.h */,
				31091534191B275D00F0C970 /* UIImage+Additions.m */,
				311B353B19176F3D001A822D /* HeaderForCustoms.h */,
			);
			path = AutoLoadFile;
			sourceTree = "<group>";
		};
		312A8EF0190F822C0048E030 /* CustomButton */ = {
			isa = PBXGroup;
			children = (
				31F5DF43190F986C001F1AB9 /* modelFromJSON */,
				31F5DF47190F98B3001F1AB9 /* modle */,
				31F5DF48190F98C1001F1AB9 /* View */,
			);
			path = CustomButton;
			sourceTree = "<group>";
		};
		312A8EF6190F87500048E030 /* CustomImageView */ = {
			isa = PBXGroup;
			children = (
				31F5DF4B190F9910001F1AB9 /* modleFromJSON */,
				31F5DF4A190F9906001F1AB9 /* modle */,
				31F5DF49190F98FE001F1AB9 /* View */,
			);
			path = CustomImageView;
			sourceTree = "<group>";
		};
		312A8EF7190F875B0048E030 /* CustomLable */ = {
			isa = PBXGroup;
			children = (
				31F5DF4E190F9934001F1AB9 /* modleFromJSON */,
				31F5DF4D190F992E001F1AB9 /* modle */,
				31F5DF4C190F9926001F1AB9 /* view */,
			);
			path = CustomLable;
			sourceTree = "<group>";
		};
		312A8EF8190F87650048E030 /* CustomPageControl */ = {
			isa = PBXGroup;
			children = (
				31F5DF51190F994F001F1AB9 /* modleFromJSON */,
				31F5DF50190F9947001F1AB9 /* modle */,
				31F5DF4F190F9941001F1AB9 /* view */,
			);
			path = CustomPageControl;
			sourceTree = "<group>";
		};
		312A8EF9190F87730048E030 /* CustomScrollView */ = {
			isa = PBXGroup;
			children = (
				31F5DF54190F9968001F1AB9 /* modleFromJSON */,
				31F5DF53190F9962001F1AB9 /* modle */,
				31F5DF52190F995C001F1AB9 /* view */,
			);
			path = CustomScrollView;
			sourceTree = "<group>";
		};
		312A8EFA190F87820048E030 /* CustomSegment */ = {
			isa = PBXGroup;
			children = (
				31F5DF57190F997E001F1AB9 /* modleFromJSON */,
				31F5DF56190F9975001F1AB9 /* modle */,
				31F5DF55190F9970001F1AB9 /* view */,
			);
			path = CustomSegment;
			sourceTree = "<group>";
		};
		312A8EFB190F878B0048E030 /* CustomSlider */ = {
			isa = PBXGroup;
			children = (
				31F5DF5A190F9998001F1AB9 /* modleFromJSON */,
				31F5DF59190F9991001F1AB9 /* modle */,
				31F5DF58190F998A001F1AB9 /* view */,
			);
			path = CustomSlider;
			sourceTree = "<group>";
		};
		312A8EFC190F87970048E030 /* CustomSwitch */ = {
			isa = PBXGroup;
			children = (
				31F5DF5D190F99B6001F1AB9 /* modleFromJSON */,
				31F5DF5C190F99B0001F1AB9 /* modle */,
				31F5DF5B190F99AA001F1AB9 /* view */,
			);
			path = CustomSwitch;
			sourceTree = "<group>";
		};
		312A8F10190F87C20048E030 /* CustomTextfield */ = {
			isa = PBXGroup;
			children = (
				31F5DF60190F99D5001F1AB9 /* modleFromJSON */,
				31F5DF5F190F99CD001F1AB9 /* modle */,
				31F5DF5E190F99C4001F1AB9 /* view */,
			);
			path = CustomTextfield;
			sourceTree = "<group>";
		};
		312A8F11190F87CF0048E030 /* CustomView */ = {
			isa = PBXGroup;
			children = (
				31F5DF63190F99EB001F1AB9 /* modleFromJSON */,
				31F5DF62190F99E5001F1AB9 /* modle */,
				31F5DF61190F99DD001F1AB9 /* view */,
			);
			path = CustomView;
			sourceTree = "<group>";
		};
		31CCA366190F4FBD0043FEC5 = {
			isa = PBXGroup;
			children = (
				311D32B0191739AB00D9195D /* Reveal.framework */,
				31CCA378190F4FBD0043FEC5 /* FirstProject */,
				31CCA397190F4FBE0043FEC5 /* FirstProjectTests */,
				31CCA371190F4FBD0043FEC5 /* Frameworks */,
				31CCA370190F4FBD0043FEC5 /* Products */,
				8E83DD5A51B64824820877CD /* Pods.xcconfig */,
			);
			sourceTree = "<group>";
		};
		31CCA370190F4FBD0043FEC5 /* Products */ = {
			isa = PBXGroup;
			children = (
				31CCA36F190F4FBD0043FEC5 /* FirstProject.app */,
				31CCA390190F4FBE0043FEC5 /* FirstProjectTests.xctest */,
			);
			name = Products;
			sourceTree = "<group>";
		};
		31CCA371190F4FBD0043FEC5 /* Frameworks */ = {
			isa = PBXGroup;
			children = (
				31F5DF77190FA75A001F1AB9 /* QuartzCore.framework */,
				31CCA372190F4FBD0043FEC5 /* Foundation.framework */,
				31CCA374190F4FBD0043FEC5 /* CoreGraphics.framework */,
				31CCA376190F4FBD0043FEC5 /* UIKit.framework */,
				31CCA391190F4FBE0043FEC5 /* XCTest.framework */,
				B22D3423F06B44B88E4D527D /* libPods.a */,
			);
			name = Frameworks;
			sourceTree = "<group>";
		};
		31CCA378190F4FBD0043FEC5 /* FirstProject */ = {
			isa = PBXGroup;
			children = (
				312A8F11190F87CF0048E030 /* CustomView */,
				312A8F10190F87C20048E030 /* CustomTextfield */,
				312A8EFC190F87970048E030 /* CustomSwitch */,
				312A8EFB190F878B0048E030 /* CustomSlider */,
				312A8EFA190F87820048E030 /* CustomSegment */,
				312A8EF9190F87730048E030 /* CustomScrollView */,
				312A8EF8190F87650048E030 /* CustomPageControl */,
				312A8EF7190F875B0048E030 /* CustomLable */,
				312A8EF6190F87500048E030 /* CustomImageView */,
				31CCA3A7190F50750043FEC5 /* CustomTableView */,
				312A8EF0190F822C0048E030 /* CustomButton */,
				312A8EDA190F80160048E030 /* CustomRefresh */,
				312A8ED9190F7F8E0048E030 /* Controllers */,
				312A8ED7190F7F4C0048E030 /* DataSourse */,
				312394111915E3B90016B06C /* Singleton Pattern */,
				312A8EE9190F81080048E030 /* AutoLoadFile */,
				31CCA381190F4FBD0043FEC5 /* AppDelegate.h */,
				31CCA382190F4FBD0043FEC5 /* AppDelegate.m */,
				31CCA38A190F4FBD0043FEC5 /* Images.xcassets */,
				31CCA379190F4FBD0043FEC5 /* Supporting Files */,
			);
			path = FirstProject;
			sourceTree = "<group>";
		};
		31CCA379190F4FBD0043FEC5 /* Supporting Files */ = {
			isa = PBXGroup;
			children = (
				31CCA37A190F4FBD0043FEC5 /* FirstProject-Info.plist */,
				31CCA37B190F4FBD0043FEC5 /* InfoPlist.strings */,
				31CCA37E190F4FBD0043FEC5 /* main.m */,
				31CCA380190F4FBD0043FEC5 /* FirstProject-Prefix.pch */,
			);
			name = "Supporting Files";
			sourceTree = "<group>";
		};
		31CCA397190F4FBE0043FEC5 /* FirstProjectTests */ = {
			isa = PBXGroup;
			children = (
				31CCA39D190F4FBE0043FEC5 /* FirstProjectTests.m */,
				31CCA398190F4FBE0043FEC5 /* Supporting Files */,
			);
			path = FirstProjectTests;
			sourceTree = "<group>";
		};
		31CCA398190F4FBE0043FEC5 /* Supporting Files */ = {
			isa = PBXGroup;
			children = (
				31CCA399190F4FBE0043FEC5 /* FirstProjectTests-Info.plist */,
				31CCA39A190F4FBE0043FEC5 /* InfoPlist.strings */,
			);
			name = "Supporting Files";
			sourceTree = "<group>";
		};
		31CCA3A7190F50750043FEC5 /* CustomTableView */ = {
			isa = PBXGroup;
			children = (
				31F5DF7C190FABFA001F1AB9 /* modelFromJSON */,
				31CCA3AB190F50750043FEC5 /* modle */,
				31CCA3B0190F50750043FEC5 /* View */,
			);
			path = CustomTableView;
			sourceTree = "<group>";
		};
		31CCA3AB190F50750043FEC5 /* modle */ = {
			isa = PBXGroup;
			children = (
				31CCA3AC190F50750043FEC5 /* BaseCellMember.h */,
				31CCA3AD190F50750043FEC5 /* BaseCellMember.m */,
				31CCA3AE190F50750043FEC5 /* FirstCellMember.h */,
				31CCA3AF190F50750043FEC5 /* FirstCellMember.m */,
			);
			path = modle;
			sourceTree = "<group>";
		};
		31CCA3B0190F50750043FEC5 /* View */ = {
			isa = PBXGroup;
			children = (
				31CCA3B1190F50750043FEC5 /* WCustomTableView.h */,
				31CCA3B2190F50750043FEC5 /* WCustomTableView.m */,
				31CCA3B3190F50750043FEC5 /* WFirstCustomCell.h */,
				31CCA3B4190F50750043FEC5 /* WFirstCustomCell.m */,
			);
			path = View;
			sourceTree = "<group>";
		};
		31F5DF43190F986C001F1AB9 /* modelFromJSON */ = {
			isa = PBXGroup;
			children = (
				31197E67191096E70002514B /* ButtonOfMapper.h */,
				31197E68191096E70002514B /* ButtonOfMapper.m */,
			);
			name = modelFromJSON;
			sourceTree = "<group>";
		};
		31F5DF47190F98B3001F1AB9 /* modle */ = {
			isa = PBXGroup;
			children = (
			);
			name = modle;
			sourceTree = "<group>";
		};
		31F5DF48190F98C1001F1AB9 /* View */ = {
			isa = PBXGroup;
			children = (
				312A8EF1190F826B0048E030 /* customButton.h */,
				312A8EF2190F826B0048E030 /* customButton.m */,
			);
			name = View;
			sourceTree = "<group>";
		};
		31F5DF49190F98FE001F1AB9 /* View */ = {
			isa = PBXGroup;
			children = (
				312FAA0E1918CC9500742DE5 /* CImageVIew.h */,
				312FAA0F1918CC9500742DE5 /* CImageVIew.m */,
			);
			name = View;
			sourceTree = "<group>";
		};
		31F5DF4A190F9906001F1AB9 /* modle */ = {
			isa = PBXGroup;
			children = (
			);
			name = modle;
			sourceTree = "<group>";
		};
		31F5DF4B190F9910001F1AB9 /* modleFromJSON */ = {
			isa = PBXGroup;
			children = (
				312FAA0B1918C0CE00742DE5 /* ImageViewOfMapper.h */,
				312FAA0C1918C0CE00742DE5 /* ImageViewOfMapper.m */,
			);
			name = modleFromJSON;
			sourceTree = "<group>";
		};
		31F5DF4C190F9926001F1AB9 /* view */ = {
			isa = PBXGroup;
			children = (
				312165541916260800B3992D /* CustomLabel.h */,
				312165551916260800B3992D /* CustomLabel.m */,
			);
			name = view;
			sourceTree = "<group>";
		};
		31F5DF4D190F992E001F1AB9 /* modle */ = {
			isa = PBXGroup;
			children = (
			);
			name = modle;
			sourceTree = "<group>";
		};
		31F5DF4E190F9934001F1AB9 /* modleFromJSON */ = {
			isa = PBXGroup;
			children = (
				312165571916265500B3992D /* LabelOfMapper.h */,
				312165581916265500B3992D /* LabelOfMapper.m */,
			);
			name = modleFromJSON;
			sourceTree = "<group>";
		};
		31F5DF4F190F9941001F1AB9 /* view */ = {
			isa = PBXGroup;
			children = (
				311F87751919CA51006F135B /* CpageControl.h */,
				311F87761919CA51006F135B /* CpageControl.m */,
			);
			name = view;
			sourceTree = "<group>";
		};
		31F5DF50190F9947001F1AB9 /* modle */ = {
			isa = PBXGroup;
			children = (
			);
			name = modle;
			sourceTree = "<group>";
		};
		31F5DF51190F994F001F1AB9 /* modleFromJSON */ = {
			isa = PBXGroup;
			children = (
				311F87721919C8E9006F135B /* PageControlOfMapper.h */,
				311F87731919C8E9006F135B /* PageControlOfMapper.m */,
			);
			name = modleFromJSON;
			sourceTree = "<group>";
		};
		31F5DF52190F995C001F1AB9 /* view */ = {
			isa = PBXGroup;
			children = (
				3138C8D3191C7BE700E0E2FF /* CustomScrollerView.h */,
				3138C8D4191C7BE700E0E2FF /* CustomScrollerView.m */,
			);
			name = view;
			sourceTree = "<group>";
		};
		31F5DF53190F9962001F1AB9 /* modle */ = {
			isa = PBXGroup;
			children = (
			);
			name = modle;
			sourceTree = "<group>";
		};
		31F5DF54190F9968001F1AB9 /* modleFromJSON */ = {
			isa = PBXGroup;
			children = (
				3138C8D0191C74B200E0E2FF /* ScrollerViewOfMapper.h */,
				3138C8D1191C74B200E0E2FF /* ScrollerViewOfMapper.m */,
			);
			name = modleFromJSON;
			sourceTree = "<group>";
		};
		31F5DF55190F9970001F1AB9 /* view */ = {
			isa = PBXGroup;
			children = (
				3131E0B51919DF0E004E106B /* CustomSegmetnControl.h */,
				3131E0B61919DF0E004E106B /* CustomSegmetnControl.m */,
			);
			name = view;
			sourceTree = "<group>";
		};
		31F5DF56190F9975001F1AB9 /* modle */ = {
			isa = PBXGroup;
			children = (
			);
			name = modle;
			sourceTree = "<group>";
		};
		31F5DF57190F997E001F1AB9 /* modleFromJSON */ = {
			isa = PBXGroup;
			children = (
				3131E0B21919DAC9004E106B /* SegmentOfMapper.h */,
				3131E0B31919DAC9004E106B /* SegmentOfMapper.m */,
			);
			name = modleFromJSON;
			sourceTree = "<group>";
		};
		31F5DF58190F998A001F1AB9 /* view */ = {
			isa = PBXGroup;
			children = (
				31175484191A271600C3FA69 /* CustomSlider.h */,
				31175485191A271600C3FA69 /* CustomSlider.m */,
			);
			name = view;
			sourceTree = "<group>";
		};
		31F5DF59190F9991001F1AB9 /* modle */ = {
			isa = PBXGroup;
			children = (
			);
			name = modle;
			sourceTree = "<group>";
		};
		31F5DF5A190F9998001F1AB9 /* modleFromJSON */ = {
			isa = PBXGroup;
			children = (
				31175481191A1DE200C3FA69 /* SliderOfMapper.h */,
				31175482191A1DE200C3FA69 /* SliderOfMapper.m */,
			);
			name = modleFromJSON;
			sourceTree = "<group>";
		};
		31F5DF5B190F99AA001F1AB9 /* view */ = {
			isa = PBXGroup;
			children = (
				3109152A191B1A8B00F0C970 /* CustomSwitch.h */,
				3109152B191B1A8B00F0C970 /* CustomSwitch.m */,
			);
			name = view;
			sourceTree = "<group>";
		};
		31F5DF5C190F99B0001F1AB9 /* modle */ = {
			isa = PBXGroup;
			children = (
			);
			name = modle;
			sourceTree = "<group>";
		};
		31F5DF5D190F99B6001F1AB9 /* modleFromJSON */ = {
			isa = PBXGroup;
			children = (
				31091527191B155D00F0C970 /* SwitchOfMapper.h */,
				31091528191B155D00F0C970 /* SwitchOfMapper.m */,
			);
			name = modleFromJSON;
			sourceTree = "<group>";
		};
		31F5DF5E190F99C4001F1AB9 /* view */ = {
			isa = PBXGroup;
			children = (
				31091530191B26D800F0C970 /* CustomTextField.h */,
				31091531191B26D800F0C970 /* CustomTextField.m */,
			);
			name = view;
			sourceTree = "<group>";
		};
		31F5DF5F190F99CD001F1AB9 /* modle */ = {
			isa = PBXGroup;
			children = (
			);
			name = modle;
			sourceTree = "<group>";
		};
		31F5DF60190F99D5001F1AB9 /* modleFromJSON */ = {
			isa = PBXGroup;
			children = (
				3109152D191B230B00F0C970 /* TextFieldOfMapper.h */,
				3109152E191B230B00F0C970 /* TextFieldOfMapper.m */,
			);
			name = modleFromJSON;
			sourceTree = "<group>";
		};
		31F5DF61190F99DD001F1AB9 /* view */ = {
			isa = PBXGroup;
			children = (
				3121654E19160E2D00B3992D /* CustomView.h */,
				3121654F19160E2D00B3992D /* CustomView.m */,
			);
			name = view;
			sourceTree = "<group>";
		};
		31F5DF62190F99E5001F1AB9 /* modle */ = {
			isa = PBXGroup;
			children = (
			);
			name = modle;
			sourceTree = "<group>";
		};
		31F5DF63190F99EB001F1AB9 /* modleFromJSON */ = {
			isa = PBXGroup;
			children = (
				3121655119160EAC00B3992D /* CustomViewOfMapper.h */,
				3121655219160EAC00B3992D /* CustomViewOfMapper.m */,
			);
			name = modleFromJSON;
			sourceTree = "<group>";
		};
		31F5DF64190F9CE1001F1AB9 /* Iamges */ = {
			isa = PBXGroup;
			children = (
				312972DC1929ABE70000788F /* x_alt_32x32.png */,
				312972DD1929ABE70000788F /* Default-568h@2x.png */,
				312972DE1929ABE80000788F /* Default.png */,
				312972DF1929ABE80000788F /* Default@2x.png */,
				312972E01929ABE80000788F /* heart_stroke_24x21.png */,
				312972E11929ABE80000788F /* home_24x24.png */,
				312972E21929ABE80000788F /* magnifying_glass_24x24.png */,
				312972E31929ABE80000788F /* mail_24x18.png */,
				312972E41929ABE80000788F /* user_18x24.png */,
				312972E51929ABE80000788F /* user_12x16.png */,
				312972E61929ABE80000788F /* mail_16x12.png */,
				312972E71929ABE80000788F /* magnifying_glass_16x16.png */,
				312972E81929ABE80000788F /* home_16x16.png */,
				312972E91929ABE80000788F /* heart_stroke_16x14.png */,
				312972EA1929ABE80000788F /* heart_fill_16x14.png */,
				312972EB1929ABE80000788F /* user_24x32.png */,
				312972EC1929ABE80000788F /* mail_32x24.png */,
				312972ED1929ABE80000788F /* magnifying_glass_alt_32x32.png */,
				312972EE1929ABE80000788F /* heart_fill_32x38.png */,
				312972EF1929ABE80000788F /* home_32x32.png */,
				31197E52191092110002514B /* 1.png */,
				31197E53191092110002514B /* 2.png */,
				31197E54191092110002514B /* 3.png */,
				31197E55191092110002514B /* 4.png */,
				31197E56191092110002514B /* 5.png */,
				31197E57191092110002514B /* 6.png */,
				31197E58191092110002514B /* 7.png */,
				31197E59191092110002514B /* 8.png */,
				31197E5A191092110002514B /* 9.png */,
			);
			path = Iamges;
			sourceTree = SOURCE_ROOT;
		};
		31F5DF7C190FABFA001F1AB9 /* modelFromJSON */ = {
			isa = PBXGroup;
			children = (
				31F5DF7D190FABFA001F1AB9 /* TableOfMapper.h */,
				31F5DF7E190FABFA001F1AB9 /* TableOfMapper.m */,
			);
			path = modelFromJSON;
			sourceTree = "<group>";
		};
/* End PBXGroup section */

/* Begin PBXNativeTarget section */
		31CCA36E190F4FBD0043FEC5 /* FirstProject */ = {
			isa = PBXNativeTarget;
			buildConfigurationList = 31CCA3A1190F4FBE0043FEC5 /* Build configuration list for PBXNativeTarget "FirstProject" */;
			buildPhases = (
				1DE669D4DD9A4AC9B46D5AD1 /* Check Pods Manifest.lock */,
				31CCA36B190F4FBD0043FEC5 /* Sources */,
				31CCA36C190F4FBD0043FEC5 /* Frameworks */,
				31CCA36D190F4FBD0043FEC5 /* Resources */,
				864DD61A71CC4DC49A64D9A5 /* Copy Pods Resources */,
			);
			buildRules = (
			);
			dependencies = (
			);
			name = FirstProject;
			productName = FirstProject;
			productReference = 31CCA36F190F4FBD0043FEC5 /* FirstProject.app */;
			productType = "com.apple.product-type.application";
		};
		31CCA38F190F4FBE0043FEC5 /* FirstProjectTests */ = {
			isa = PBXNativeTarget;
			buildConfigurationList = 31CCA3A4190F4FBE0043FEC5 /* Build configuration list for PBXNativeTarget "FirstProjectTests" */;
			buildPhases = (
				31CCA38C190F4FBE0043FEC5 /* Sources */,
				31CCA38D190F4FBE0043FEC5 /* Frameworks */,
				31CCA38E190F4FBE0043FEC5 /* Resources */,
			);
			buildRules = (
			);
			dependencies = (
				31CCA396190F4FBE0043FEC5 /* PBXTargetDependency */,
			);
			name = FirstProjectTests;
			productName = FirstProjectTests;
			productReference = 31CCA390190F4FBE0043FEC5 /* FirstProjectTests.xctest */;
			productType = "com.apple.product-type.bundle.unit-test";
		};
/* End PBXNativeTarget section */

/* Begin PBXProject section */
		31CCA367190F4FBD0043FEC5 /* Project object */ = {
			isa = PBXProject;
			attributes = {
				LastUpgradeCheck = 0510;
				ORGANIZATIONNAME = "传晟";
				TargetAttributes = {
					31CCA38F190F4FBE0043FEC5 = {
						TestTargetID = 31CCA36E190F4FBD0043FEC5;
					};
				};
			};
			buildConfigurationList = 31CCA36A190F4FBD0043FEC5 /* Build configuration list for PBXProject "FirstProject" */;
			compatibilityVersion = "Xcode 3.2";
			developmentRegion = English;
			hasScannedForEncodings = 0;
			knownRegions = (
				en,
				Base,
			);
			mainGroup = 31CCA366190F4FBD0043FEC5;
			productRefGroup = 31CCA370190F4FBD0043FEC5 /* Products */;
			projectDirPath = "";
			projectRoot = "";
			targets = (
				31CCA36E190F4FBD0043FEC5 /* FirstProject */,
				31CCA38F190F4FBE0043FEC5 /* FirstProjectTests */,
			);
		};
/* End PBXProject section */

/* Begin PBXResourcesBuildPhase section */
		31CCA36D190F4FBD0043FEC5 /* Resources */ = {
			isa = PBXResourcesBuildPhase;
			buildActionMask = 2147483647;
			files = (
				31197E60191092110002514B /* 6.png in Resources */,
				3121655B19162B6600B3992D /* baseViewController.json in Resources */,
				31197E5E191092110002514B /* 4.png in Resources */,
				3138C8DA191C830300E0E2FF /* secondViewController.json in Resources */,
				312972FB1929ABE80000788F /* magnifying_glass_16x16.png in Resources */,
				312972FA1929ABE80000788F /* mail_16x12.png in Resources */,
				312972FE1929ABE80000788F /* heart_fill_16x14.png in Resources */,
				312972FC1929ABE80000788F /* home_16x16.png in Resources */,
				312972F21929ABE80000788F /* Default.png in Resources */,
				312972D619299BE00000788F /* MainController.json in Resources */,
				312972F71929ABE80000788F /* mail_24x18.png in Resources */,
				31197E5F191092110002514B /* 5.png in Resources */,
				312973011929ABE80000788F /* magnifying_glass_alt_32x32.png in Resources */,
				31197E61191092110002514B /* 7.png in Resources */,
				31CCA38B190F4FBD0043FEC5 /* Images.xcassets in Resources */,
				312972F61929ABE80000788F /* magnifying_glass_24x24.png in Resources */,
				31CCA37D190F4FBD0043FEC5 /* InfoPlist.strings in Resources */,
				31197E5C191092110002514B /* 2.png in Resources */,
				31197E5D191092110002514B /* 3.png in Resources */,
				312973031929ABE80000788F /* home_32x32.png in Resources */,
				312972FF1929ABE80000788F /* user_24x32.png in Resources */,
				312972F01929ABE80000788F /* x_alt_32x32.png in Resources */,
				312973021929ABE80000788F /* heart_fill_32x38.png in Resources */,
				31197E63191092110002514B /* 9.png in Resources */,
				312973001929ABE80000788F /* mail_32x24.png in Resources */,
				312972F11929ABE80000788F /* Default-568h@2x.png in Resources */,
				31197E62191092110002514B /* 8.png in Resources */,
				312972F31929ABE80000788F /* Default@2x.png in Resources */,
				312972F81929ABE80000788F /* user_18x24.png in Resources */,
				312972FD1929ABE80000788F /* heart_stroke_16x14.png in Resources */,
				31197E5B191092110002514B /* 1.png in Resources */,
				312972F91929ABE80000788F /* user_12x16.png in Resources */,
				312A8EE4190F80160048E030 /* image.bundle in Resources */,
				312A8ED6190F7F240048E030 /* firstViewController.json in Resources */,
				312972F41929ABE80000788F /* heart_stroke_24x21.png in Resources */,
				312972F51929ABE80000788F /* home_24x24.png in Resources */,
				312972D719299BE00000788F /* RegisterController.json in Resources */,
				312972D519299BE00000788F /* LiveController.json in Resources */,
			);
			runOnlyForDeploymentPostprocessing = 0;
		};
		31CCA38E190F4FBE0043FEC5 /* Resources */ = {
			isa = PBXResourcesBuildPhase;
			buildActionMask = 2147483647;
			files = (
				31CCA39C190F4FBE0043FEC5 /* InfoPlist.strings in Resources */,
			);
			runOnlyForDeploymentPostprocessing = 0;
		};
/* End PBXResourcesBuildPhase section */

/* Begin PBXShellScriptBuildPhase section */
		1DE669D4DD9A4AC9B46D5AD1 /* Check Pods Manifest.lock */ = {
			isa = PBXShellScriptBuildPhase;
			buildActionMask = 2147483647;
			files = (
			);
			inputPaths = (
			);
			name = "Check Pods Manifest.lock";
			outputPaths = (
			);
			runOnlyForDeploymentPostprocessing = 0;
			shellPath = /bin/sh;
			shellScript = "diff \"${PODS_ROOT}/../Podfile.lock\" \"${PODS_ROOT}/Manifest.lock\" > /dev/null\nif [[ $? != 0 ]] ; then\n    cat << EOM\nerror: The sandbox is not in sync with the Podfile.lock. Run 'pod install' or update your CocoaPods installation.\nEOM\n    exit 1\nfi\n";
			showEnvVarsInLog = 0;
		};
		864DD61A71CC4DC49A64D9A5 /* Copy Pods Resources */ = {
			isa = PBXShellScriptBuildPhase;
			buildActionMask = 2147483647;
			files = (
			);
			inputPaths = (
			);
			name = "Copy Pods Resources";
			outputPaths = (
			);
			runOnlyForDeploymentPostprocessing = 0;
			shellPath = /bin/sh;
			shellScript = "\"${SRCROOT}/Pods/Pods-resources.sh\"\n";
			showEnvVarsInLog = 0;
		};
/* End PBXShellScriptBuildPhase section */

/* Begin PBXSourcesBuildPhase section */
		31CCA36B190F4FBD0043FEC5 /* Sources */ = {
			isa = PBXSourcesBuildPhase;
			buildActionMask = 2147483647;
			files = (
				31F5DF7F190FABFA001F1AB9 /* TableOfMapper.m in Sources */,
				311F87771919CA51006F135B /* CpageControl.m in Sources */,
				312A8EEE190F81080048E030 /* CountString.m in Sources */,
				312972DA1929A1DE0000788F /* MainViewController.m in Sources */,
				31CCA3B7190F50750043FEC5 /* FirstCellMember.m in Sources */,
				31CCA389190F4FBD0043FEC5 /* ViewController.m in Sources */,
				312973091929AC820000788F /* LiveViewController.m in Sources */,
				3129730C1929AC970000788F /* ShoppingCarViewController.m in Sources */,
				3109152C191B1A8B00F0C970 /* CustomSwitch.m in Sources */,
				31CCA383190F4FBD0043FEC5 /* AppDelegate.m in Sources */,
				312A8EE8190F80160048E030 /* WZRefrshConst.m in Sources */,
				3129730F1929ACA70000788F /* MyGoodsViewController.m in Sources */,
				312FAA101918CC9500742DE5 /* CImageVIew.m in Sources */,
				3197A8801910D5C70065C714 /* NSObject+moreMethords.m in Sources */,
				3121655319160EAC00B3992D /* CustomViewOfMapper.m in Sources */,
				31CCA37F190F4FBD0043FEC5 /* main.m in Sources */,
				31CCA3B8190F50750043FEC5 /* WCustomTableView.m in Sources */,
				31091535191B275D00F0C970 /* UIImage+Additions.m in Sources */,
				3121655019160E2D00B3992D /* CustomView.m in Sources */,
				3131E0B41919DAC9004E106B /* SegmentOfMapper.m in Sources */,
				312A8EE7190F80160048E030 /* WZRefreshBaseView.m in Sources */,
				312394141915E4700016B06C /* WidgetSettingForLayout.m in Sources */,
				312A8EE5190F80160048E030 /* RefreshFooterView.m in Sources */,
				31091532191B26D800F0C970 /* CustomTextField.m in Sources */,
				312FAA0D1918C0CE00742DE5 /* ImageViewOfMapper.m in Sources */,
				3131E0B71919DF0E004E106B /* CustomSegmetnControl.m in Sources */,
				3138C8D2191C74B200E0E2FF /* ScrollerViewOfMapper.m in Sources */,
				31175486191A271600C3FA69 /* CustomSlider.m in Sources */,
				312165591916265500B3992D /* LabelOfMapper.m in Sources */,
				3138C8D5191C7BE700E0E2FF /* CustomScrollerView.m in Sources */,
				31CCA3B6190F50750043FEC5 /* BaseCellMember.m in Sources */,
				3138C8D8191C829B00E0E2FF /* SecondViewController.m in Sources */,
				312A8EF3190F826B0048E030 /* customButton.m in Sources */,
				31091529191B155D00F0C970 /* SwitchOfMapper.m in Sources */,
				31CCA3B9190F50750043FEC5 /* WFirstCustomCell.m in Sources */,
				312165561916260800B3992D /* CustomLabel.m in Sources */,
				312973061929AC3A0000788F /* TabBarViewController.m in Sources */,
				317AECDB191640F200B58136 /* FirstViewController.m in Sources */,
				311F87741919C8E9006F135B /* PageControlOfMapper.m in Sources */,
				31175483191A1DE200C3FA69 /* SliderOfMapper.m in Sources */,
				312A8EE6190F80160048E030 /* RefreshHeaderView.m in Sources */,
				31197E69191096E70002514B /* ButtonOfMapper.m in Sources */,
				312A8EEF190F81080048E030 /* wDynamicLayout.m in Sources */,
				3109152F191B230B00F0C970 /* TextFieldOfMapper.m in Sources */,
			);
			runOnlyForDeploymentPostprocessing = 0;
		};
		31CCA38C190F4FBE0043FEC5 /* Sources */ = {
			isa = PBXSourcesBuildPhase;
			buildActionMask = 2147483647;
			files = (
				31CCA39E190F4FBE0043FEC5 /* FirstProjectTests.m in Sources */,
			);
			runOnlyForDeploymentPostprocessing = 0;
		};
/* End PBXSourcesBuildPhase section */

/* Begin PBXTargetDependency section */
		31CCA396190F4FBE0043FEC5 /* PBXTargetDependency */ = {
			isa = PBXTargetDependency;
			target = 31CCA36E190F4FBD0043FEC5 /* FirstProject */;
			targetProxy = 31CCA395190F4FBE0043FEC5 /* PBXContainerItemProxy */;
		};
/* End PBXTargetDependency section */

/* Begin PBXVariantGroup section */
		31CCA37B190F4FBD0043FEC5 /* InfoPlist.strings */ = {
			isa = PBXVariantGroup;
			children = (
				31CCA37C190F4FBD0043FEC5 /* en */,
			);
			name = InfoPlist.strings;
			sourceTree = "<group>";
		};
		31CCA39A190F4FBE0043FEC5 /* InfoPlist.strings */ = {
			isa = PBXVariantGroup;
			children = (
				31CCA39B190F4FBE0043FEC5 /* en */,
			);
			name = InfoPlist.strings;
			sourceTree = "<group>";
		};
/* End PBXVariantGroup section */

/* Begin XCBuildConfiguration section */
		31CCA39F190F4FBE0043FEC5 /* Debug */ = {
			isa = XCBuildConfiguration;
			buildSettings = {
				ALWAYS_SEARCH_USER_PATHS = NO;
				CLANG_CXX_LANGUAGE_STANDARD = "gnu++0x";
				CLANG_CXX_LIBRARY = "libc++";
				CLANG_ENABLE_MODULES = YES;
				CLANG_ENABLE_OBJC_ARC = YES;
				CLANG_WARN_BOOL_CONVERSION = YES;
				CLANG_WARN_CONSTANT_CONVERSION = YES;
				CLANG_WARN_DIRECT_OBJC_ISA_USAGE = YES_ERROR;
				CLANG_WARN_EMPTY_BODY = YES;
				CLANG_WARN_ENUM_CONVERSION = YES;
				CLANG_WARN_INT_CONVERSION = YES;
				CLANG_WARN_OBJC_ROOT_CLASS = YES_ERROR;
				CLANG_WARN__DUPLICATE_METHOD_MATCH = YES;
				"CODE_SIGN_IDENTITY[sdk=iphoneos*]" = "iPhone Developer";
				COPY_PHASE_STRIP = NO;
				GCC_C_LANGUAGE_STANDARD = gnu99;
				GCC_DYNAMIC_NO_PIC = NO;
				GCC_OPTIMIZATION_LEVEL = 0;
				GCC_PREPROCESSOR_DEFINITIONS = (
					"DEBUG=1",
					"$(inherited)",
				);
				GCC_SYMBOLS_PRIVATE_EXTERN = NO;
				GCC_WARN_64_TO_32_BIT_CONVERSION = YES;
				GCC_WARN_ABOUT_RETURN_TYPE = YES_ERROR;
				GCC_WARN_UNDECLARED_SELECTOR = YES;
				GCC_WARN_UNINITIALIZED_AUTOS = YES_AGGRESSIVE;
				GCC_WARN_UNUSED_FUNCTION = YES;
				GCC_WARN_UNUSED_VARIABLE = YES;
				IPHONEOS_DEPLOYMENT_TARGET = 6.0;
				ONLY_ACTIVE_ARCH = YES;
				SDKROOT = iphoneos;
			};
			name = Debug;
		};
		31CCA3A0190F4FBE0043FEC5 /* Release */ = {
			isa = XCBuildConfiguration;
			buildSettings = {
				ALWAYS_SEARCH_USER_PATHS = NO;
				CLANG_CXX_LANGUAGE_STANDARD = "gnu++0x";
				CLANG_CXX_LIBRARY = "libc++";
				CLANG_ENABLE_MODULES = YES;
				CLANG_ENABLE_OBJC_ARC = YES;
				CLANG_WARN_BOOL_CONVERSION = YES;
				CLANG_WARN_CONSTANT_CONVERSION = YES;
				CLANG_WARN_DIRECT_OBJC_ISA_USAGE = YES_ERROR;
				CLANG_WARN_EMPTY_BODY = YES;
				CLANG_WARN_ENUM_CONVERSION = YES;
				CLANG_WARN_INT_CONVERSION = YES;
				CLANG_WARN_OBJC_ROOT_CLASS = YES_ERROR;
				CLANG_WARN__DUPLICATE_METHOD_MATCH = YES;
				"CODE_SIGN_IDENTITY[sdk=iphoneos*]" = "iPhone Developer";
				COPY_PHASE_STRIP = YES;
				ENABLE_NS_ASSERTIONS = NO;
				GCC_C_LANGUAGE_STANDARD = gnu99;
				GCC_WARN_64_TO_32_BIT_CONVERSION = YES;
				GCC_WARN_ABOUT_RETURN_TYPE = YES_ERROR;
				GCC_WARN_UNDECLARED_SELECTOR = YES;
				GCC_WARN_UNINITIALIZED_AUTOS = YES_AGGRESSIVE;
				GCC_WARN_UNUSED_FUNCTION = YES;
				GCC_WARN_UNUSED_VARIABLE = YES;
				IPHONEOS_DEPLOYMENT_TARGET = 6.0;
				SDKROOT = iphoneos;
				VALIDATE_PRODUCT = YES;
			};
			name = Release;
		};
		31CCA3A2190F4FBE0043FEC5 /* Debug */ = {
			isa = XCBuildConfiguration;
			baseConfigurationReference = 8E83DD5A51B64824820877CD /* Pods.xcconfig */;
			buildSettings = {
				ASSETCATALOG_COMPILER_APPICON_NAME = AppIcon;
				ASSETCATALOG_COMPILER_LAUNCHIMAGE_NAME = LaunchImage;
				"CODE_SIGN_IDENTITY[sdk=iphoneos*]" = "iPhone Developer: 臻 王 (Q9947633KK)";
				FRAMEWORK_SEARCH_PATHS = (
					"$(inherited)",
					"$(PROJECT_DIR)",
				);
				GCC_PRECOMPILE_PREFIX_HEADER = YES;
				GCC_PREFIX_HEADER = "FirstProject/FirstProject-Prefix.pch";
				INFOPLIST_FILE = "FirstProject/FirstProject-Info.plist";
				IPHONEOS_DEPLOYMENT_TARGET = 6.0;
				LD_QUOTE_LINKER_ARGUMENTS_FOR_COMPILER_DRIVER = YES;
				LINK_WITH_STANDARD_LIBRARIES = YES;
				ONLY_ACTIVE_ARCH = YES;
				OTHER_LDFLAGS = (
					"-ObjC",
					"-framework",
					Reveal,
					"-framework",
					CoreGraphics,
					"-framework",
					MobileCoreServices,
					"-framework",
					Security,
					"-framework",
					SystemConfiguration,
				);
				PRODUCT_NAME = "$(TARGET_NAME)";
				PROVISIONING_PROFILE = "BC86879B-A469-484A-8F0F-B103331B3838";
				TARGETED_DEVICE_FAMILY = 1;
				VALID_ARCHS = "armv7 armv7s arm64";
				WRAPPER_EXTENSION = app;
			};
			name = Debug;
		};
		31CCA3A3190F4FBE0043FEC5 /* Release */ = {
			isa = XCBuildConfiguration;
			baseConfigurationReference = 8E83DD5A51B64824820877CD /* Pods.xcconfig */;
			buildSettings = {
				ASSETCATALOG_COMPILER_APPICON_NAME = AppIcon;
				ASSETCATALOG_COMPILER_LAUNCHIMAGE_NAME = LaunchImage;
				FRAMEWORK_SEARCH_PATHS = (
					"$(inherited)",
					"$(PROJECT_DIR)",
				);
				GCC_PRECOMPILE_PREFIX_HEADER = YES;
				GCC_PREFIX_HEADER = "FirstProject/FirstProject-Prefix.pch";
				INFOPLIST_FILE = "FirstProject/FirstProject-Info.plist";
				IPHONEOS_DEPLOYMENT_TARGET = 6.0;
				LD_QUOTE_LINKER_ARGUMENTS_FOR_COMPILER_DRIVER = YES;
				LINK_WITH_STANDARD_LIBRARIES = YES;
				ONLY_ACTIVE_ARCH = NO;
				OTHER_LDFLAGS = (
					"-ObjC",
					"-framework",
					Reveal,
					"-framework",
					CoreGraphics,
					"-framework",
					MobileCoreServices,
					"-framework",
					Security,
					"-framework",
					SystemConfiguration,
				);
				PRODUCT_NAME = "$(TARGET_NAME)";
				PROVISIONING_PROFILE = "BC86879B-A469-484A-8F0F-B103331B3838";
				TARGETED_DEVICE_FAMILY = 1;
				VALID_ARCHS = "armv7 armv7s arm64";
				WRAPPER_EXTENSION = app;
			};
			name = Release;
		};
		31CCA3A5190F4FBE0043FEC5 /* Debug */ = {
			isa = XCBuildConfiguration;
			buildSettings = {
				BUNDLE_LOADER = "$(BUILT_PRODUCTS_DIR)/FirstProject.app/FirstProject";
				FRAMEWORK_SEARCH_PATHS = (
					"$(SDKROOT)/Developer/Library/Frameworks",
					"$(inherited)",
					"$(DEVELOPER_FRAMEWORKS_DIR)",
				);
				GCC_PRECOMPILE_PREFIX_HEADER = YES;
				GCC_PREFIX_HEADER = "FirstProject/FirstProject-Prefix.pch";
				GCC_PREPROCESSOR_DEFINITIONS = (
					"DEBUG=1",
					"$(inherited)",
				);
				INFOPLIST_FILE = "FirstProjectTests/FirstProjectTests-Info.plist";
				PRODUCT_NAME = "$(TARGET_NAME)";
				TEST_HOST = "$(BUNDLE_LOADER)";
				WRAPPER_EXTENSION = xctest;
			};
			name = Debug;
		};
		31CCA3A6190F4FBE0043FEC5 /* Release */ = {
			isa = XCBuildConfiguration;
			buildSettings = {
				BUNDLE_LOADER = "$(BUILT_PRODUCTS_DIR)/FirstProject.app/FirstProject";
				FRAMEWORK_SEARCH_PATHS = (
					"$(SDKROOT)/Developer/Library/Frameworks",
					"$(inherited)",
					"$(DEVELOPER_FRAMEWORKS_DIR)",
				);
				GCC_PRECOMPILE_PREFIX_HEADER = YES;
				GCC_PREFIX_HEADER = "FirstProject/FirstProject-Prefix.pch";
				INFOPLIST_FILE = "FirstProjectTests/FirstProjectTests-Info.plist";
				PRODUCT_NAME = "$(TARGET_NAME)";
				TEST_HOST = "$(BUNDLE_LOADER)";
				WRAPPER_EXTENSION = xctest;
			};
			name = Release;
		};
/* End XCBuildConfiguration section */

/* Begin XCConfigurationList section */
		31CCA36A190F4FBD0043FEC5 /* Build configuration list for PBXProject "FirstProject" */ = {
			isa = XCConfigurationList;
			buildConfigurations = (
				31CCA39F190F4FBE0043FEC5 /* Debug */,
				31CCA3A0190F4FBE0043FEC5 /* Release */,
			);
			defaultConfigurationIsVisible = 0;
			defaultConfigurationName = Release;
		};
		31CCA3A1190F4FBE0043FEC5 /* Build configuration list for PBXNativeTarget "FirstProject" */ = {
			isa = XCConfigurationList;
			buildConfigurations = (
				31CCA3A2190F4FBE0043FEC5 /* Debug */,
				31CCA3A3190F4FBE0043FEC5 /* Release */,
			);
			defaultConfigurationIsVisible = 0;
			defaultConfigurationName = Release;
		};
		31CCA3A4190F4FBE0043FEC5 /* Build configuration list for PBXNativeTarget "FirstProjectTests" */ = {
			isa = XCConfigurationList;
			buildConfigurations = (
				31CCA3A5190F4FBE0043FEC5 /* Debug */,
				31CCA3A6190F4FBE0043FEC5 /* Release */,
			);
			defaultConfigurationIsVisible = 0;
			defaultConfigurationName = Release;
		};
/* End XCConfigurationList section */
	};
	rootObject = 31CCA367190F4FBD0043FEC5 /* Project object */;
}
